
Microsoft Visual Studio Solution File, Format Version 12.00
# Visual Studio Version 17
VisualStudioVersion = 17.1.32328.378
MinimumVisualStudioVersion = 10.0.40219.1
Project("{FAE04EC0-301F-11D3-BF4B-00C04F79EFBC}") = "Indentity-Auth", "Indentity-Auth.csproj", "{21464694-DE5F-4821-BFEC-94FCA0086BE0}"
EndProject
Global
	GlobalSection(SolutionConfigurationPlatforms) = preSolution
		Debug|Any CPU = Debug|Any CPU
		Release|Any CPU = Release|Any CPU
	EndGlobalSection
	GlobalSection(ProjectConfigurationPlatforms) = postSolution
		{21464694-DE5F-4821-BFEC-94FCA0086BE0}.Debug|Any CPU.ActiveCfg = Debug|Any CPU
		{21464694-DE5F-4821-BFEC-94FCA0086BE0}.Debug|Any CPU.Build.0 = Debug|Any CPU
		{21464694-DE5F-4821-BFEC-94FCA0086BE0}.Release|Any CPU.ActiveCfg = Release|Any CPU
		{21464694-DE5F-4821-BFEC-94FCA0086BE0}.Release|Any CPU.Build.0 = Release|Any CPU
	EndGlobalSection
	GlobalSection(SolutionProperties) = preSolution
		HideSolutionNode = FALSE
	EndGlobalSection
	GlobalSection(ExtensibilityGlobals) = postSolution
		SolutionGuid = {E3B8BD52-9B6B-4028-91D3-21B1D787E7EF}
	EndGlobalSection
EndGlobal
